PODS:
  - Bolts (1.1.3)
  - Connectastic (0.0.1)
  - Facebook-iOS-SDK (3.20.0):
    - Bolts (~> 1.0)

DEPENDENCIES:
  - Connectastic (from `./Connectastic-Endpoints`)
  - Facebook-iOS-SDK (~> 3.20)

EXTERNAL SOURCES:
  Connectastic:
    :path: ./Connectastic-Endpoints
    :tag: 0.0.1

CHECKOUT OPTIONS:
  Connectastic:
    :git: https://bitbucket.org/apoorvatyagi/connectastic-endpoints-ios.git
    :tag: 0.0.1

SPEC CHECKSUMS:
  Bolts: 3db0a875235e0c9042b013af13af0f00f79b102c
  Connectastic: 636061e1d046a28a9210c91d7d671e4701a648a6
  Facebook-iOS-SDK: 5854404b4b651f612a8ef79ca06d766858f4cb8e

COCOAPODS: 0.35.0
